
Microsoft Visual Studio Solution File, Format Version 12.00
# Visual Studio Version 16
VisualStudioVersion = 16.0.31321.278
MinimumVisualStudioVersion = 10.0.40219.1
Project("{FAE04EC0-301F-11D3-BF4B-00C04F79EFBC}") = "tx_restart_lists", "tx_restart_lists\tx_restart_lists.csproj", "{48B8FE68-F282-47AA-91F2-6CDCDBD0E5C7}"
EndProject
Global
	GlobalSection(SolutionConfigurationPlatforms) = preSolution
		Debug|Any CPU = Debug|Any CPU
		Release|Any CPU = Release|Any CPU
	EndGlobalSection
	GlobalSection(ProjectConfigurationPlatforms) = postSolution
		{48B8FE68-F282-47AA-91F2-6CDCDBD0E5C7}.Debug|Any CPU.ActiveCfg = Debug|Any CPU
		{48B8FE68-F282-47AA-91F2-6CDCDBD0E5C7}.Debug|Any CPU.Build.0 = Debug|Any CPU
		{48B8FE68-F282-47AA-91F2-6CDCDBD0E5C7}.Release|Any CPU.ActiveCfg = Release|Any CPU
		{48B8FE68-F282-47AA-91F2-6CDCDBD0E5C7}.Release|Any CPU.Build.0 = Release|Any CPU
	EndGlobalSection
	GlobalSection(SolutionProperties) = preSolution
		HideSolutionNode = FALSE
	EndGlobalSection
	GlobalSection(ExtensibilityGlobals) = postSolution
		SolutionGuid = {9287B70E-7918-4690-AF09-F94610C4B1C8}
	EndGlobalSection
EndGlobal
